
Microsoft Visual Studio Solution File, Format Version 12.00
# Visual Studio 15
VisualStudioVersion = 15.0.28307.645
MinimumVisualStudioVersion = 10.0.40219.1
Project("{8BC9CEB8-8B4A-11D0-8D11-00A0C91BC942}") = "GamesArchitecture", "GamesArchitecture\GamesArchitecture.vcxproj", "{A76FDD40-60C9-47D3-B329-56B8EC21BF47}"
EndProject
Project("{8BC9CEB8-8B4A-11D0-8D11-00A0C91BC942}") = "DearImGui", "External\DearImGui\DearImGui.vcxproj", "{8D8924AC-46AC-4D68-B8BB-259780859522}"
EndProject
Project("{8BC9CEB8-8B4A-11D0-8D11-00A0C91BC942}") = "GameEngine", "GameEngine\GameEngine.vcxproj", "{82353CBB-1588-457C-BA8C-8032FBF2A96A}"
EndProject
Project("{8BC9CEB8-8B4A-11D0-8D11-00A0C91BC942}") = "GameServer", "GameServer\GameServer.vcxproj", "{67B00C51-DBC7-42D0-8C0E-5EA1B3927843}"
EndProject
Global
	GlobalSection(SolutionConfigurationPlatforms) = preSolution
		Debug - DirectX|x64 = Debug - DirectX|x64
		Debug - DirectX|x86 = Debug - DirectX|x86
		Debug - OpenGL|x64 = Debug - OpenGL|x64
		Debug - OpenGL|x86 = Debug - OpenGL|x86
		Debug|x64 = Debug|x64
		Debug|x86 = Debug|x86
		Release - DirectX|x64 = Release - DirectX|x64
		Release - DirectX|x86 = Release - DirectX|x86
		Release - OpenGL|x64 = Release - OpenGL|x64
		Release - OpenGL|x86 = Release - OpenGL|x86
		Release|x64 = Release|x64
		Release|x86 = Release|x86
	EndGlobalSection
	GlobalSection(ProjectConfigurationPlatforms) = postSolution
		{A76FDD40-60C9-47D3-B329-56B8EC21BF47}.Debug - DirectX|x64.ActiveCfg = Debug - DirectX|x64
		{A76FDD40-60C9-47D3-B329-56B8EC21BF47}.Debug - DirectX|x64.Build.0 = Debug - DirectX|x64
		{A76FDD40-60C9-47D3-B329-56B8EC21BF47}.Debug - DirectX|x86.ActiveCfg = Debug - DirectX|Win32
		{A76FDD40-60C9-47D3-B329-56B8EC21BF47}.Debug - DirectX|x86.Build.0 = Debug - DirectX|Win32
		{A76FDD40-60C9-47D3-B329-56B8EC21BF47}.Debug - OpenGL|x64.ActiveCfg = Debug - OpenGL|x64
		{A76FDD40-60C9-47D3-B329-56B8EC21BF47}.Debug - OpenGL|x64.Build.0 = Debug - OpenGL|x64
		{A76FDD40-60C9-47D3-B329-56B8EC21BF47}.Debug - OpenGL|x86.ActiveCfg = Debug - OpenGL|Win32
		{A76FDD40-60C9-47D3-B329-56B8EC21BF47}.Debug - OpenGL|x86.Build.0 = Debug - OpenGL|Win32
		{A76FDD40-60C9-47D3-B329-56B8EC21BF47}.Debug|x64.ActiveCfg = Debug|x64
		{A76FDD40-60C9-47D3-B329-56B8EC21BF47}.Debug|x64.Build.0 = Debug|x64
		{A76FDD40-60C9-47D3-B329-56B8EC21BF47}.Debug|x86.ActiveCfg = Debug|Win32
		{A76FDD40-60C9-47D3-B329-56B8EC21BF47}.Debug|x86.Build.0 = Debug|Win32
		{A76FDD40-60C9-47D3-B329-56B8EC21BF47}.Release - DirectX|x64.ActiveCfg = Release - DirectX|x64
		{A76FDD40-60C9-47D3-B329-56B8EC21BF47}.Release - DirectX|x64.Build.0 = Release - DirectX|x64
		{A76FDD40-60C9-47D3-B329-56B8EC21BF47}.Release - DirectX|x86.ActiveCfg = Release - DirectX|Win32
		{A76FDD40-60C9-47D3-B329-56B8EC21BF47}.Release - DirectX|x86.Build.0 = Release - DirectX|Win32
		{A76FDD40-60C9-47D3-B329-56B8EC21BF47}.Release - OpenGL|x64.ActiveCfg = Release - OpenGL|x64
		{A76FDD40-60C9-47D3-B329-56B8EC21BF47}.Release - OpenGL|x64.Build.0 = Release - OpenGL|x64
		{A76FDD40-60C9-47D3-B329-56B8EC21BF47}.Release - OpenGL|x86.ActiveCfg = Release - OpenGL|Win32
		{A76FDD40-60C9-47D3-B329-56B8EC21BF47}.Release - OpenGL|x86.Build.0 = Release - OpenGL|Win32
		{A76FDD40-60C9-47D3-B329-56B8EC21BF47}.Release|x64.ActiveCfg = Release|x64
		{A76FDD40-60C9-47D3-B329-56B8EC21BF47}.Release|x64.Build.0 = Release|x64
		{A76FDD40-60C9-47D3-B329-56B8EC21BF47}.Release|x86.ActiveCfg = Release|Win32
		{A76FDD40-60C9-47D3-B329-56B8EC21BF47}.Release|x86.Build.0 = Release|Win32
		{8D8924AC-46AC-4D68-B8BB-259780859522}.Debug - DirectX|x64.ActiveCfg = Debug - DirectX|x64
		{8D8924AC-46AC-4D68-B8BB-259780859522}.Debug - DirectX|x64.Build.0 = Debug - DirectX|x64
		{8D8924AC-46AC-4D68-B8BB-259780859522}.Debug - DirectX|x86.ActiveCfg = Debug - DirectX|Win32
		{8D8924AC-46AC-4D68-B8BB-259780859522}.Debug - DirectX|x86.Build.0 = Debug - DirectX|Win32
		{8D8924AC-46AC-4D68-B8BB-259780859522}.Debug - OpenGL|x64.ActiveCfg = Debug - OpenGL|x64
		{8D8924AC-46AC-4D68-B8BB-259780859522}.Debug - OpenGL|x64.Build.0 = Debug - OpenGL|x64
		{8D8924AC-46AC-4D68-B8BB-259780859522}.Debug - OpenGL|x86.ActiveCfg = Debug - OpenGL|Win32
		{8D8924AC-46AC-4D68-B8BB-259780859522}.Debug - OpenGL|x86.Build.0 = Debug - OpenGL|Win32
		{8D8924AC-46AC-4D68-B8BB-259780859522}.Debug|x64.ActiveCfg = Debug|x64
		{8D8924AC-46AC-4D68-B8BB-259780859522}.Debug|x64.Build.0 = Debug|x64
		{8D8924AC-46AC-4D68-B8BB-259780859522}.Debug|x86.ActiveCfg = Debug|Win32
		{8D8924AC-46AC-4D68-B8BB-259780859522}.Debug|x86.Build.0 = Debug|Win32
		{8D8924AC-46AC-4D68-B8BB-259780859522}.Release - DirectX|x64.ActiveCfg = Release - DirectX|x64
		{8D8924AC-46AC-4D68-B8BB-259780859522}.Release - DirectX|x64.Build.0 = Release - DirectX|x64
		{8D8924AC-46AC-4D68-B8BB-259780859522}.Release - DirectX|x86.ActiveCfg = Release - DirectX|Win32
		{8D8924AC-46AC-4D68-B8BB-259780859522}.Release - DirectX|x86.Build.0 = Release - DirectX|Win32
		{8D8924AC-46AC-4D68-B8BB-259780859522}.Release - OpenGL|x64.ActiveCfg = Release - OpenGL|x64
		{8D8924AC-46AC-4D68-B8BB-259780859522}.Release - OpenGL|x64.Build.0 = Release - OpenGL|x64
		{8D8924AC-46AC-4D68-B8BB-259780859522}.Release - OpenGL|x86.ActiveCfg = Release - OpenGL|Win32
		{8D8924AC-46AC-4D68-B8BB-259780859522}.Release - OpenGL|x86.Build.0 = Release - OpenGL|Win32
		{8D8924AC-46AC-4D68-B8BB-259780859522}.Release|x64.ActiveCfg = Release|x64
		{8D8924AC-46AC-4D68-B8BB-259780859522}.Release|x64.Build.0 = Release|x64
		{8D8924AC-46AC-4D68-B8BB-259780859522}.Release|x86.ActiveCfg = Release|Win32
		{8D8924AC-46AC-4D68-B8BB-259780859522}.Release|x86.Build.0 = Release|Win32
		{82353CBB-1588-457C-BA8C-8032FBF2A96A}.Debug - DirectX|x64.ActiveCfg = Debug - DirectX|x64
		{82353CBB-1588-457C-BA8C-8032FBF2A96A}.Debug - DirectX|x64.Build.0 = Debug - DirectX|x64
		{82353CBB-1588-457C-BA8C-8032FBF2A96A}.Debug - DirectX|x86.ActiveCfg = Debug - DirectX|Win32
		{82353CBB-1588-457C-BA8C-8032FBF2A96A}.Debug - DirectX|x86.Build.0 = Debug - DirectX|Win32
		{82353CBB-1588-457C-BA8C-8032FBF2A96A}.Debug - OpenGL|x64.ActiveCfg = Debug - OpenGL|x64
		{82353CBB-1588-457C-BA8C-8032FBF2A96A}.Debug - OpenGL|x64.Build.0 = Debug - OpenGL|x64
		{82353CBB-1588-457C-BA8C-8032FBF2A96A}.Debug - OpenGL|x86.ActiveCfg = Debug - OpenGL|Win32
		{82353CBB-1588-457C-BA8C-8032FBF2A96A}.Debug - OpenGL|x86.Build.0 = Debug - OpenGL|Win32
		{82353CBB-1588-457C-BA8C-8032FBF2A96A}.Debug|x64.ActiveCfg = Debug|x64
		{82353CBB-1588-457C-BA8C-8032FBF2A96A}.Debug|x64.Build.0 = Debug|x64
		{82353CBB-1588-457C-BA8C-8032FBF2A96A}.Debug|x86.ActiveCfg = Debug|Win32
		{82353CBB-1588-457C-BA8C-8032FBF2A96A}.Debug|x86.Build.0 = Debug|Win32
		{82353CBB-1588-457C-BA8C-8032FBF2A96A}.Release - DirectX|x64.ActiveCfg = Release - DirectX|x64
		{82353CBB-1588-457C-BA8C-8032FBF2A96A}.Release - DirectX|x64.Build.0 = Release - DirectX|x64
		{82353CBB-1588-457C-BA8C-8032FBF2A96A}.Release - DirectX|x86.ActiveCfg = Release - DirectX|Win32
		{82353CBB-1588-457C-BA8C-8032FBF2A96A}.Release - DirectX|x86.Build.0 = Release - DirectX|Win32
		{82353CBB-1588-457C-BA8C-8032FBF2A96A}.Release - OpenGL|x64.ActiveCfg = Release - OpenGL|x64
		{82353CBB-1588-457C-BA8C-8032FBF2A96A}.Release - OpenGL|x64.Build.0 = Release - OpenGL|x64
		{82353CBB-1588-457C-BA8C-8032FBF2A96A}.Release - OpenGL|x86.ActiveCfg = Release - OpenGL|Win32
		{82353CBB-1588-457C-BA8C-8032FBF2A96A}.Release - OpenGL|x86.Build.0 = Release - OpenGL|Win32
		{82353CBB-1588-457C-BA8C-8032FBF2A96A}.Release|x64.ActiveCfg = Release|x64
		{82353CBB-1588-457C-BA8C-8032FBF2A96A}.Release|x64.Build.0 = Release|x64
		{82353CBB-1588-457C-BA8C-8032FBF2A96A}.Release|x86.ActiveCfg = Release|Win32
		{82353CBB-1588-457C-BA8C-8032FBF2A96A}.Release|x86.Build.0 = Release|Win32
		{67B00C51-DBC7-42D0-8C0E-5EA1B3927843}.Debug - DirectX|x64.ActiveCfg = Debug|x64
		{67B00C51-DBC7-42D0-8C0E-5EA1B3927843}.Debug - DirectX|x64.Build.0 = Debug|x64
		{67B00C51-DBC7-42D0-8C0E-5EA1B3927843}.Debug - DirectX|x86.ActiveCfg = Debug|Win32
		{67B00C51-DBC7-42D0-8C0E-5EA1B3927843}.Debug - DirectX|x86.Build.0 = Debug|Win32
		{67B00C51-DBC7-42D0-8C0E-5EA1B3927843}.Debug - OpenGL|x64.ActiveCfg = Debug|x64
		{67B00C51-DBC7-42D0-8C0E-5EA1B3927843}.Debug - OpenGL|x64.Build.0 = Debug|x64
		{67B00C51-DBC7-42D0-8C0E-5EA1B3927843}.Debug - OpenGL|x86.ActiveCfg = Debug|Win32
		{67B00C51-DBC7-42D0-8C0E-5EA1B3927843}.Debug - OpenGL|x86.Build.0 = Debug|Win32
		{67B00C51-DBC7-42D0-8C0E-5EA1B3927843}.Debug|x64.ActiveCfg = Debug|x64
		{67B00C51-DBC7-42D0-8C0E-5EA1B3927843}.Debug|x64.Build.0 = Debug|x64
		{67B00C51-DBC7-42D0-8C0E-5EA1B3927843}.Debug|x86.ActiveCfg = Debug|Win32
		{67B00C51-DBC7-42D0-8C0E-5EA1B3927843}.Debug|x86.Build.0 = Debug|Win32
		{67B00C51-DBC7-42D0-8C0E-5EA1B3927843}.Release - DirectX|x64.ActiveCfg = Release|x64
		{67B00C51-DBC7-42D0-8C0E-5EA1B3927843}.Release - DirectX|x64.Build.0 = Release|x64
		{67B00C51-DBC7-42D0-8C0E-5EA1B3927843}.Release - DirectX|x86.ActiveCfg = Release|Win32
		{67B00C51-DBC7-42D0-8C0E-5EA1B3927843}.Release - DirectX|x86.Build.0 = Release|Win32
		{67B00C51-DBC7-42D0-8C0E-5EA1B3927843}.Release - OpenGL|x64.ActiveCfg = Release|x64
		{67B00C51-DBC7-42D0-8C0E-5EA1B3927843}.Release - OpenGL|x64.Build.0 = Release|x64
		{67B00C51-DBC7-42D0-8C0E-5EA1B3927843}.Release - OpenGL|x86.ActiveCfg = Release|Win32
		{67B00C51-DBC7-42D0-8C0E-5EA1B3927843}.Release - OpenGL|x86.Build.0 = Release|Win32
		{67B00C51-DBC7-42D0-8C0E-5EA1B3927843}.Release|x64.ActiveCfg = Release|x64
		{67B00C51-DBC7-42D0-8C0E-5EA1B3927843}.Release|x64.Build.0 = Release|x64
		{67B00C51-DBC7-42D0-8C0E-5EA1B3927843}.Release|x86.ActiveCfg = Release|Win32
		{67B00C51-DBC7-42D0-8C0E-5EA1B3927843}.Release|x86.Build.0 = Release|Win32
	EndGlobalSection
	GlobalSection(SolutionProperties) = preSolution
		HideSolutionNode = FALSE
	EndGlobalSection
	GlobalSection(ExtensibilityGlobals) = postSolution
		SolutionGuid = {FBF94705-F298-4C62-9B1F-DDCC4AE84509}
	EndGlobalSection
EndGlobal
