<?xml version="1.0" encoding="utf-8"?>
<Project ToolsVersion="4.0" xmlns="http://schemas.microsoft.com/developer/msbuild/2003">
  <ItemGroup>
    <Filter Include="Source Files">
      <UniqueIdentifier>{4FC737F1-C7A5-4376-A066-2A32D752A2FF}</UniqueIdentifier>
      <Extensions>cpp;c;cc;cxx;def;odl;idl;hpj;bat;asm;asmx</Extensions>
    </Filter>
    <Filter Include="Header Files">
      <UniqueIdentifier>{93995380-89BD-4b04-88EB-625FBE52EBFB}</UniqueIdentifier>
      <Extensions>h;hh;hpp;hxx;hm;inl;inc;ipp;xsd</Extensions>
    </Filter>
    <Filter Include="Assets">
      <UniqueIdentifier>{2666b21a-4fbf-43ee-bb55-d0f72a12615e}</UniqueIdentifier>
    </Filter>
    <Filter Include="Assets\Models">
      <UniqueIdentifier>{e065c1d7-7729-4add-b49a-62777ed30993}</UniqueIdentifier>
    </Filter>
    <Filter Include="Assets\Shader">
      <UniqueIdentifier>{2b82168b-b82d-4545-98fe-865442f4d907}</UniqueIdentifier>
    </Filter>
    <Filter Include="Entities">
      <UniqueIdentifier>{cf786737-ad58-43a4-a968-675b0aa04a93}</UniqueIdentifier>
    </Filter>
    <Filter Include="CustomSystem">
      <UniqueIdentifier>{82633992-5943-45dd-acec-11fde50dd2c9}</UniqueIdentifier>
    </Filter>
    <Filter Include="Assets\Shader\Plane">
      <UniqueIdentifier>{b076189b-9e81-4107-9990-7781eac6d740}</UniqueIdentifier>
    </Filter>
    <Filter Include="Assets\Shader\Simple">
      <UniqueIdentifier>{379663ee-972d-4c42-a2ea-861f30712844}</UniqueIdentifier>
    </Filter>
  </ItemGroup>
  <ItemGroup>
    <ClCompile Include="Main.cpp">
      <Filter>Source Files</Filter>
    </ClCompile>
    <ClCompile Include="PyramidScene.cpp">
      <Filter>Source Files</Filter>
    </ClCompile>
    <ClCompile Include="UserEntity.cpp">
      <Filter>Entities</Filter>
    </ClCompile>
    <ClCompile Include="PyramidShapeEntity.cpp">
      <Filter>Entities</Filter>
    </ClCompile>
    <ClCompile Include="SmallProjectileEntity.cpp">
      <Filter>Entities</Filter>
    </ClCompile>
    <ClCompile Include="LargeProjectileEntity.cpp">
      <Filter>Entities</Filter>
    </ClCompile>
    <ClCompile Include="PlaneEntity.cpp">
      <Filter>Entities</Filter>
    </ClCompile>
    <ClCompile Include="GrenageProjectileEntity.cpp">
      <Filter>Entities</Filter>
    </ClCompile>
    <ClCompile Include="ClientSystem.cpp">
      <Filter>CustomSystem</Filter>
    </ClCompile>
  </ItemGroup>
  <ItemGroup>
    <None Include="packages.config" />
    <None Include="SimpleFragmentProgram.frag">
      <Filter>Assets\Shader\Simple</Filter>
    </None>
    <None Include="PlaneFragmentShader.frag">
      <Filter>Assets\Shader\Plane</Filter>
    </None>
    <None Include="PlaneVertexShader.vert">
      <Filter>Assets\Shader\Plane</Filter>
    </None>
    <None Include="Assets\Models\plane.obj">
      <Filter>Assets\Models</Filter>
    </None>
  </ItemGroup>
  <ItemGroup>
    <Object Include="Assets\Models\sphere.obj">
      <Filter>Assets\Models</Filter>
    </Object>
  </ItemGroup>
  <ItemGroup>
    <CopyFileToFolders Include="SimpleFragmentProgram.hlsl">
      <Filter>Assets\Shader\Simple</Filter>
    </CopyFileToFolders>
    <CopyFileToFolders Include="SimpleVertexProgram.hlsl">
      <Filter>Assets\Shader\Simple</Filter>
    </CopyFileToFolders>
    <CopyFileToFolders Include="PlaneFragmentShader.hlsl">
      <Filter>Assets\Shader\Plane</Filter>
    </CopyFileToFolders>
    <CopyFileToFolders Include="PlaneVertexShader.hlsl">
      <Filter>Assets\Shader\Plane</Filter>
    </CopyFileToFolders>
  </ItemGroup>
  <ItemGroup>
    <ClInclude Include="PyramidScene.h">
      <Filter>Header Files</Filter>
    </ClInclude>
    <ClInclude Include="UserEntity.h">
      <Filter>Entities</Filter>
    </ClInclude>
    <ClInclude Include="PyramidShapeEntity.h">
      <Filter>Entities</Filter>
    </ClInclude>
    <ClInclude Include="SmallProjectileEntity.h">
      <Filter>Entities</Filter>
    </ClInclude>
    <ClInclude Include="LargeProjectileEntity.h">
      <Filter>Entities</Filter>
    </ClInclude>
    <ClInclude Include="PlaneEntity.h">
      <Filter>Entities</Filter>
    </ClInclude>
    <ClInclude Include="GrenageProjectileEntity.h">
      <Filter>Entities</Filter>
    </ClInclude>
    <ClInclude Include="ClientSystem.h">
      <Filter>CustomSystem</Filter>
    </ClInclude>
  </ItemGroup>
  <ItemGroup>
    <Text Include="SimpleVertexProgram.vert">
      <Filter>Assets\Shader\Simple</Filter>
    </Text>
  </ItemGroup>
</Project>