<?xml version="1.0" encoding="utf-8"?>
<Project ToolsVersion="4.0" xmlns="http://schemas.microsoft.com/developer/msbuild/2003">
  <ItemGroup>
    <Filter Include="Source Files">
      <UniqueIdentifier>{4FC737F1-C7A5-4376-A066-2A32D752A2FF}</UniqueIdentifier>
      <Extensions>cpp;c;cc;cxx;def;odl;idl;hpj;bat;asm;asmx</Extensions>
    </Filter>
    <Filter Include="Header Files">
      <UniqueIdentifier>{93995380-89BD-4b04-88EB-625FBE52EBFB}</UniqueIdentifier>
      <Extensions>h;hh;hpp;hxx;hm;inl;inc;ipp;xsd</Extensions>
    </Filter>
    <Filter Include="Resource Files">
      <UniqueIdentifier>{67DA6AB6-F800-4c08-8B7A-83BB121AAD01}</UniqueIdentifier>
      <Extensions>rc;ico;cur;bmp;dlg;rc2;rct;bin;rgs;gif;jpg;jpeg;jpe;resx;tiff;tif;png;wav;mfcribbon-ms</Extensions>
    </Filter>
    <Filter Include="Entities">
      <UniqueIdentifier>{1fa084bb-eb6d-4827-8eb7-d623dbc1a2c6}</UniqueIdentifier>
    </Filter>
    <Filter Include="Managers">
      <UniqueIdentifier>{f94ec16c-67cd-488c-bccf-38f7ac69dea6}</UniqueIdentifier>
    </Filter>
    <Filter Include="Components">
      <UniqueIdentifier>{c4d45e92-8953-45c1-a228-2efefa8b85fc}</UniqueIdentifier>
    </Filter>
    <Filter Include="Physics">
      <UniqueIdentifier>{4785a4eb-88f8-4950-9e3b-55326f59a453}</UniqueIdentifier>
    </Filter>
    <Filter Include="Systems">
      <UniqueIdentifier>{bb2e1762-dfa8-41e0-b6ed-1f6bb5c38a0c}</UniqueIdentifier>
    </Filter>
    <Filter Include="PhysicsTree">
      <UniqueIdentifier>{9b959543-ca8e-404d-9c07-9b5e863593a3}</UniqueIdentifier>
    </Filter>
    <Filter Include="Rendering">
      <UniqueIdentifier>{0a51a1d4-5fbe-458e-8740-094eff546fe8}</UniqueIdentifier>
    </Filter>
    <Filter Include="Rendering\DirectX">
      <UniqueIdentifier>{7e746dea-5268-4a92-8e62-b5c36dc644c5}</UniqueIdentifier>
    </Filter>
    <Filter Include="Rendering\OpenGL">
      <UniqueIdentifier>{e4e66025-fd87-4625-8e1f-95c1bd37a646}</UniqueIdentifier>
    </Filter>
  </ItemGroup>
  <ItemGroup>
    <ClCompile Include="ShaderProgram.cpp">
      <Filter>Source Files</Filter>
    </ClCompile>
    <ClCompile Include="Win32Window.cpp">
      <Filter>Source Files</Filter>
    </ClCompile>
    <ClCompile Include="ModelLoader.cpp">
      <Filter>Source Files</Filter>
    </ClCompile>
    <ClCompile Include="ModelInstanced.cpp">
      <Filter>Source Files</Filter>
    </ClCompile>
    <ClCompile Include="Entity.cpp">
      <Filter>Entities</Filter>
    </ClCompile>
    <ClCompile Include="EntityManager.cpp">
      <Filter>Managers</Filter>
    </ClCompile>
    <ClCompile Include="PhysicsManager.cpp">
      <Filter>Managers</Filter>
    </ClCompile>
    <ClCompile Include="ResourceManager.cpp">
      <Filter>Managers</Filter>
    </ClCompile>
    <ClCompile Include="SystemManager.cpp">
      <Filter>Managers</Filter>
    </ClCompile>
    <ClCompile Include="Component.cpp">
      <Filter>Components</Filter>
    </ClCompile>
    <ClCompile Include="PhysicsComponent.cpp">
      <Filter>Components</Filter>
    </ClCompile>
    <ClCompile Include="PositionComponent.cpp">
      <Filter>Components</Filter>
    </ClCompile>
    <ClCompile Include="RenderComponent.cpp">
      <Filter>Components</Filter>
    </ClCompile>
    <ClCompile Include="SphereObject.cpp">
      <Filter>Physics</Filter>
    </ClCompile>
    <ClCompile Include="PlaneObject.cpp">
      <Filter>Physics</Filter>
    </ClCompile>
    <ClCompile Include="CollisionObject.cpp">
      <Filter>Physics</Filter>
    </ClCompile>
    <ClCompile Include="RenderSystem.cpp">
      <Filter>Systems</Filter>
    </ClCompile>
    <ClCompile Include="System.cpp">
      <Filter>Systems</Filter>
    </ClCompile>
    <ClCompile Include="Scene.cpp">
      <Filter>Source Files</Filter>
    </ClCompile>
    <ClCompile Include="DDSTextureLoader.cpp">
      <Filter>Source Files</Filter>
    </ClCompile>
    <ClCompile Include="PhysicsTree.cpp">
      <Filter>PhysicsTree</Filter>
    </ClCompile>
    <ClCompile Include="Octree.cpp">
      <Filter>PhysicsTree</Filter>
    </ClCompile>
    <ClCompile Include="InputSystem.cpp">
      <Filter>Systems</Filter>
    </ClCompile>
    <ClCompile Include="InputComponent.cpp">
      <Filter>Components</Filter>
    </ClCompile>
    <ClCompile Include="Camera.cpp">
      <Filter>Source Files</Filter>
    </ClCompile>
    <ClCompile Include="UserCamera.cpp">
      <Filter>Source Files</Filter>
    </ClCompile>
    <ClCompile Include="CameraManager.cpp">
      <Filter>Managers</Filter>
    </ClCompile>
    <ClCompile Include="SceneManager.cpp">
      <Filter>Managers</Filter>
    </ClCompile>
    <ClCompile Include="FragmentShader.cpp">
      <Filter>Rendering</Filter>
    </ClCompile>
    <ClCompile Include="Model.cpp">
      <Filter>Rendering</Filter>
    </ClCompile>
    <ClCompile Include="RenderManager.cpp">
      <Filter>Rendering</Filter>
    </ClCompile>
    <ClCompile Include="Shader.cpp">
      <Filter>Rendering</Filter>
    </ClCompile>
    <ClCompile Include="Texture.cpp">
      <Filter>Rendering</Filter>
    </ClCompile>
    <ClCompile Include="VertexShader.cpp">
      <Filter>Rendering</Filter>
    </ClCompile>
    <ClCompile Include="DirectXModel.cpp">
      <Filter>Rendering\DirectX</Filter>
    </ClCompile>
    <ClCompile Include="DirectXShader.cpp">
      <Filter>Rendering\DirectX</Filter>
    </ClCompile>
    <ClCompile Include="DirectXTexture.cpp">
      <Filter>Rendering\DirectX</Filter>
    </ClCompile>
    <ClCompile Include="DirectXVertexShader.cpp">
      <Filter>Rendering\DirectX</Filter>
    </ClCompile>
    <ClCompile Include="DirectXFragmentShader.cpp">
      <Filter>Rendering\DirectX</Filter>
    </ClCompile>
    <ClCompile Include="OpenGLVertexShader.cpp">
      <Filter>Rendering\OpenGL</Filter>
    </ClCompile>
    <ClCompile Include="OpenGLFragmentShader.cpp">
      <Filter>Rendering\OpenGL</Filter>
    </ClCompile>
    <ClCompile Include="OpenGLModel.cpp">
      <Filter>Rendering\OpenGL</Filter>
    </ClCompile>
    <ClCompile Include="OpenGLRenderManager.cpp">
      <Filter>Rendering\OpenGL</Filter>
    </ClCompile>
    <ClCompile Include="OpenGLShader.cpp">
      <Filter>Rendering\OpenGL</Filter>
    </ClCompile>
    <ClCompile Include="OpenGLTexture.cpp">
      <Filter>Rendering\OpenGL</Filter>
    </ClCompile>
    <ClCompile Include="DirectXRenderManager.cpp">
      <Filter>Rendering\DirectX</Filter>
    </ClCompile>
    <ClCompile Include="OpenGL.cpp">
      <Filter>Source Files</Filter>
    </ClCompile>
  </ItemGroup>
  <ItemGroup>
    <ClInclude Include="ConstantBuffer.h">
      <Filter>Header Files</Filter>
    </ClInclude>
    <ClInclude Include="Win32Window.h">
      <Filter>Header Files</Filter>
    </ClInclude>
    <ClInclude Include="ModelLoader.h">
      <Filter>Header Files</Filter>
    </ClInclude>
    <ClInclude Include="ModelInstanced.h">
      <Filter>Header Files</Filter>
    </ClInclude>
    <ClInclude Include="resource.h">
      <Filter>Header Files</Filter>
    </ClInclude>
    <ClInclude Include="Entity.h">
      <Filter>Entities</Filter>
    </ClInclude>
    <ClInclude Include="PhysicsManager.h">
      <Filter>Managers</Filter>
    </ClInclude>
    <ClInclude Include="ResourceManager.h">
      <Filter>Managers</Filter>
    </ClInclude>
    <ClInclude Include="SystemManager.h">
      <Filter>Managers</Filter>
    </ClInclude>
    <ClInclude Include="EntityManager.h">
      <Filter>Managers</Filter>
    </ClInclude>
    <ClInclude Include="Component.h">
      <Filter>Components</Filter>
    </ClInclude>
    <ClInclude Include="PhysicsComponent.h">
      <Filter>Components</Filter>
    </ClInclude>
    <ClInclude Include="PositionComponent.h">
      <Filter>Components</Filter>
    </ClInclude>
    <ClInclude Include="RenderComponent.h">
      <Filter>Components</Filter>
    </ClInclude>
    <ClInclude Include="PlaneObject.h">
      <Filter>Physics</Filter>
    </ClInclude>
    <ClInclude Include="SphereObject.h">
      <Filter>Physics</Filter>
    </ClInclude>
    <ClInclude Include="CollisionObject.h">
      <Filter>Physics</Filter>
    </ClInclude>
    <ClInclude Include="RenderSystem.h">
      <Filter>Systems</Filter>
    </ClInclude>
    <ClInclude Include="System.h">
      <Filter>Systems</Filter>
    </ClInclude>
    <ClInclude Include="Scene.h">
      <Filter>Header Files</Filter>
    </ClInclude>
    <ClInclude Include="DDSTextureLoader.h">
      <Filter>Header Files</Filter>
    </ClInclude>
    <ClInclude Include="PhysicsTree.h">
      <Filter>PhysicsTree</Filter>
    </ClInclude>
    <ClInclude Include="Octree.h">
      <Filter>PhysicsTree</Filter>
    </ClInclude>
    <ClInclude Include="InputSystem.h">
      <Filter>Systems</Filter>
    </ClInclude>
    <ClInclude Include="InputComponent.h">
      <Filter>Components</Filter>
    </ClInclude>
    <ClInclude Include="Camera.h">
      <Filter>Header Files</Filter>
    </ClInclude>
    <ClInclude Include="UserCamera.h">
      <Filter>Header Files</Filter>
    </ClInclude>
    <ClInclude Include="CameraManager.h">
      <Filter>Managers</Filter>
    </ClInclude>
    <ClInclude Include="SceneManager.h">
      <Filter>Managers</Filter>
    </ClInclude>
    <ClInclude Include="RenderManager.h">
      <Filter>Rendering</Filter>
    </ClInclude>
    <ClInclude Include="Shader.h">
      <Filter>Rendering</Filter>
    </ClInclude>
    <ClInclude Include="ShaderProgram.h">
      <Filter>Rendering</Filter>
    </ClInclude>
    <ClInclude Include="Texture.h">
      <Filter>Rendering</Filter>
    </ClInclude>
    <ClInclude Include="VertexShader.h">
      <Filter>Rendering</Filter>
    </ClInclude>
    <ClInclude Include="FragmentShader.h">
      <Filter>Rendering</Filter>
    </ClInclude>
    <ClInclude Include="Model.h">
      <Filter>Rendering</Filter>
    </ClInclude>
    <ClInclude Include="DirectXFragmentShader.h">
      <Filter>Rendering\DirectX</Filter>
    </ClInclude>
    <ClInclude Include="DirectXModel.h">
      <Filter>Rendering\DirectX</Filter>
    </ClInclude>
    <ClInclude Include="DirectXShader.h">
      <Filter>Rendering\DirectX</Filter>
    </ClInclude>
    <ClInclude Include="DirectXTexture.h">
      <Filter>Rendering\DirectX</Filter>
    </ClInclude>
    <ClInclude Include="DirectXVertexShader.h">
      <Filter>Rendering\DirectX</Filter>
    </ClInclude>
    <ClInclude Include="OpenGLFragmentShader.h">
      <Filter>Rendering\OpenGL</Filter>
    </ClInclude>
    <ClInclude Include="OpenGLModel.h">
      <Filter>Rendering\OpenGL</Filter>
    </ClInclude>
    <ClInclude Include="OpenGLRenderManager.h">
      <Filter>Rendering\OpenGL</Filter>
    </ClInclude>
    <ClInclude Include="OpenGLShader.h">
      <Filter>Rendering\OpenGL</Filter>
    </ClInclude>
    <ClInclude Include="OpenGLTexture.h">
      <Filter>Rendering\OpenGL</Filter>
    </ClInclude>
    <ClInclude Include="OpenGLVertexShader.h">
      <Filter>Rendering\OpenGL</Filter>
    </ClInclude>
    <ClInclude Include="DirectXRenderManager.h">
      <Filter>Rendering\DirectX</Filter>
    </ClInclude>
    <ClInclude Include="OpenGL.h">
      <Filter>Header Files</Filter>
    </ClInclude>
  </ItemGroup>
  <ItemGroup>
    <None Include="packages.config" />
  </ItemGroup>
</Project>